
Microsoft Visual Studio Solution File, Format Version 12.00
# Visual Studio Version 17
VisualStudioVersion = 17.0.32014.148
MinimumVisualStudioVersion = 10.0.40219.1
Project("{FAE04EC0-301F-11D3-BF4B-00C04F79EFBC}") = "PasswordChecker", "PasswordChecker.csproj", "{7B292344-8A78-4D05-85DC-F9E99B53842B}"
EndProject
Global
	GlobalSection(SolutionConfigurationPlatforms) = preSolution
		Debug|Any CPU = Debug|Any CPU
		Release|Any CPU = Release|Any CPU
	EndGlobalSection
	GlobalSection(ProjectConfigurationPlatforms) = postSolution
		{7B292344-8A78-4D05-85DC-F9E99B53842B}.Debug|Any CPU.ActiveCfg = Debug|Any CPU
		{7B292344-8A78-4D05-85DC-F9E99B53842B}.Debug|Any CPU.Build.0 = Debug|Any CPU
		{7B292344-8A78-4D05-85DC-F9E99B53842B}.Release|Any CPU.ActiveCfg = Release|Any CPU
		{7B292344-8A78-4D05-85DC-F9E99B53842B}.Release|Any CPU.Build.0 = Release|Any CPU
	EndGlobalSection
	GlobalSection(SolutionProperties) = preSolution
		HideSolutionNode = FALSE
	EndGlobalSection
	GlobalSection(ExtensibilityGlobals) = postSolution
		SolutionGuid = {CC2E0490-36E2-47D6-B691-8EC1B0274B34}
	EndGlobalSection
EndGlobal
